// !$*UTF8*$!
{
	archiveVersion = 1;
	classes = {
	};
	objectVersion = 48;
	objects = {

/* Begin PBXBuildFile section */
		15A4C67620587F450046BFF1 /* main.cpp in Sources */ = {isa = PBXBuildFile; fileRef = 15A4C67520587F450046BFF1 /* main.cpp */; };
		15A4C68420587FE50046BFF1 /* Decrypter.cpp in Sources */ = {isa = PBXBuildFile; fileRef = 15A4C67C20587FE50046BFF1 /* Decrypter.cpp */; };
		15A4C68520587FE50046BFF1 /* Tokenizer.cpp in Sources */ = {isa = PBXBuildFile; fileRef = 15A4C67F20587FE50046BFF1 /* Tokenizer.cpp */; };
		15A4C68620587FE50046BFF1 /* Translator.cpp in Sources */ = {isa = PBXBuildFile; fileRef = 15A4C68020587FE50046BFF1 /* Translator.cpp */; };
		15A4C68720587FE50046BFF1 /* WordList.cpp in Sources */ = {isa = PBXBuildFile; fileRef = 15A4C68220587FE50046BFF1 /* WordList.cpp */; };
/* End PBXBuildFile section */

/* Begin PBXCopyFilesBuildPhase section */
		15A4C67020587F450046BFF1 /* CopyFiles */ = {
			isa = PBXCopyFilesBuildPhase;
			buildActionMask = 2147483647;
			dstPath = /usr/share/man/man1/;
			dstSubfolderSpec = 0;
			files = (
			);
			runOnlyForDeploymentPostprocessing = 1;
		};
/* End PBXCopyFilesBuildPhase section */

/* Begin PBXFileReference section */
		1526AB1F205B79E500329AEA /* MyHash.h */ = {isa = PBXFileReference; lastKnownFileType = sourcecode.c.h; path = MyHash.h; sourceTree = "<group>"; };
		15A4C67220587F450046BFF1 /* Cracked */ = {isa = PBXFileReference; explicitFileType = "compiled.mach-o.executable"; includeInIndex = 0; path = Cracked; sourceTree = BUILT_PRODUCTS_DIR; };
		15A4C67520587F450046BFF1 /* main.cpp */ = {isa = PBXFileReference; lastKnownFileType = sourcecode.cpp.cpp; path = main.cpp; sourceTree = "<group>"; };
		15A4C67C20587FE50046BFF1 /* Decrypter.cpp */ = {isa = PBXFileReference; fileEncoding = 4; lastKnownFileType = sourcecode.cpp.cpp; path = Decrypter.cpp; sourceTree = "<group>"; };
		15A4C67D20587FE50046BFF1 /* provided.h */ = {isa = PBXFileReference; fileEncoding = 4; lastKnownFileType = sourcecode.c.h; path = provided.h; sourceTree = "<group>"; };
		15A4C67F20587FE50046BFF1 /* Tokenizer.cpp */ = {isa = PBXFileReference; fileEncoding = 4; lastKnownFileType = sourcecode.cpp.cpp; path = Tokenizer.cpp; sourceTree = "<group>"; };
		15A4C68020587FE50046BFF1 /* Translator.cpp */ = {isa = PBXFileReference; fileEncoding = 4; lastKnownFileType = sourcecode.cpp.cpp; path = Translator.cpp; sourceTree = "<group>"; };
		15A4C68220587FE50046BFF1 /* WordList.cpp */ = {isa = PBXFileReference; fileEncoding = 4; lastKnownFileType = sourcecode.cpp.cpp; path = WordList.cpp; sourceTree = "<group>"; };
		15A4C68320587FE50046BFF1 /* wordlist.txt */ = {isa = PBXFileReference; fileEncoding = 4; lastKnownFileType = text; path = wordlist.txt; sourceTree = "<group>"; };
/* End PBXFileReference section */

/* Begin PBXFrameworksBuildPhase section */
		15A4C66F20587F450046BFF1 /* Frameworks */ = {
			isa = PBXFrameworksBuildPhase;
			buildActionMask = 2147483647;
			files = (
			);
			runOnlyForDeploymentPostprocessing = 0;
		};
/* End PBXFrameworksBuildPhase section */

/* Begin PBXGroup section */
		15A4C66920587F450046BFF1 = {
			isa = PBXGroup;
			children = (
				15A4C67420587F450046BFF1 /* Cracked */,
				15A4C67320587F450046BFF1 /* Products */,
			);
			sourceTree = "<group>";
		};
		15A4C67320587F450046BFF1 /* Products */ = {
			isa = PBXGroup;
			children = (
				15A4C67220587F450046BFF1 /* Cracked */,
			);
			name = Products;
			sourceTree = "<group>";
		};
		15A4C67420587F450046BFF1 /* Cracked */ = {
			isa = PBXGroup;
			children = (
				15A4C67C20587FE50046BFF1 /* Decrypter.cpp */,
				15A4C67D20587FE50046BFF1 /* provided.h */,
				15A4C67F20587FE50046BFF1 /* Tokenizer.cpp */,
				15A4C68020587FE50046BFF1 /* Translator.cpp */,
				15A4C68220587FE50046BFF1 /* WordList.cpp */,
				15A4C68320587FE50046BFF1 /* wordlist.txt */,
				15A4C67520587F450046BFF1 /* main.cpp */,
				1526AB1F205B79E500329AEA /* MyHash.h */,
			);
			path = Cracked;
			sourceTree = "<group>";
		};
/* End PBXGroup section */

/* Begin PBXNativeTarget section */
		15A4C67120587F450046BFF1 /* Cracked */ = {
			isa = PBXNativeTarget;
			buildConfigurationList = 15A4C67920587F450046BFF1 /* Build configuration list for PBXNativeTarget "Cracked" */;
			buildPhases = (
				15A4C66E20587F450046BFF1 /* Sources */,
				15A4C66F20587F450046BFF1 /* Frameworks */,
				15A4C67020587F450046BFF1 /* CopyFiles */,
			);
			buildRules = (
			);
			dependencies = (
			);
			name = Cracked;
			productName = Cracked;
			productReference = 15A4C67220587F450046BFF1 /* Cracked */;
			productType = "com.apple.product-type.tool";
		};
/* End PBXNativeTarget section */

/* Begin PBXProject section */
		15A4C66A20587F450046BFF1 /* Project object */ = {
			isa = PBXProject;
			attributes = {
				LastUpgradeCheck = 0920;
				ORGANIZATIONNAME = "Alex Zhao";
				TargetAttributes = {
					15A4C67120587F450046BFF1 = {
						CreatedOnToolsVersion = 9.2;
						ProvisioningStyle = Automatic;
					};
				};
			};
			buildConfigurationList = 15A4C66D20587F450046BFF1 /* Build configuration list for PBXProject "Cracked" */;
			compatibilityVersion = "Xcode 8.0";
			developmentRegion = en;
			hasScannedForEncodings = 0;
			knownRegions = (
				en,
			);
			mainGroup = 15A4C66920587F450046BFF1;
			productRefGroup = 15A4C67320587F450046BFF1 /* Products */;
			projectDirPath = "";
			projectRoot = "";
			targets = (
				15A4C67120587F450046BFF1 /* Cracked */,
			);
		};
/* End PBXProject section */

/* Begin PBXSourcesBuildPhase section */
		15A4C66E20587F450046BFF1 /* Sources */ = {
			isa = PBXSourcesBuildPhase;
			buildActionMask = 2147483647;
			files = (
				15A4C68520587FE50046BFF1 /* Tokenizer.cpp in Sources */,
				15A4C68620587FE50046BFF1 /* Translator.cpp in Sources */,
				15A4C68420587FE50046BFF1 /* Decrypter.cpp in Sources */,
				15A4C67620587F450046BFF1 /* main.cpp in Sources */,
				15A4C68720587FE50046BFF1 /* WordList.cpp in Sources */,
			);
			runOnlyForDeploymentPostprocessing = 0;
		};
/* End PBXSourcesBuildPhase section */

/* Begin XCBuildConfiguration section */
		15A4C67720587F450046BFF1 /* Debug */ = {
			isa = XCBuildConfiguration;
			buildSettings = {
				ALWAYS_SEARCH_USER_PATHS = NO;
				CLANG_ANALYZER_NONNULL = YES;
				CLANG_ANALYZER_NUMBER_OBJECT_CONVERSION = YES_AGGRESSIVE;
				CLANG_CXX_LANGUAGE_STANDARD = "gnu++14";
				CLANG_CXX_LIBRARY = "libc++";
				CLANG_ENABLE_MODULES = YES;
				CLANG_ENABLE_OBJC_ARC = YES;
				CLANG_WARN_BLOCK_CAPTURE_AUTORELEASING = YES;
				CLANG_WARN_BOOL_CONVERSION = YES;
				CLANG_WARN_COMMA = YES;
				CLANG_WARN_CONSTANT_CONVERSION = YES;
				CLANG_WARN_DIRECT_OBJC_ISA_USAGE = YES_ERROR;
				CLANG_WARN_DOCUMENTATION_COMMENTS = YES;
				CLANG_WARN_EMPTY_BODY = YES;
				CLANG_WARN_ENUM_CONVERSION = YES;
				CLANG_WARN_INFINITE_RECURSION = YES;
				CLANG_WARN_INT_CONVERSION = YES;
				CLANG_WARN_NON_LITERAL_NULL_CONVERSION = YES;
				CLANG_WARN_OBJC_LITERAL_CONVERSION = YES;
				CLANG_WARN_OBJC_ROOT_CLASS = YES_ERROR;
				CLANG_WARN_RANGE_LOOP_ANALYSIS = YES;
				CLANG_WARN_STRICT_PROTOTYPES = YES;
				CLANG_WARN_SUSPICIOUS_MOVE = YES;
				CLANG_WARN_UNGUARDED_AVAILABILITY = YES_AGGRESSIVE;
				CLANG_WARN_UNREACHABLE_CODE = YES;
				CLANG_WARN__DUPLICATE_METHOD_MATCH = YES;
				CODE_SIGN_IDENTITY = "-";
				COPY_PHASE_STRIP = NO;
				DEBUG_INFORMATION_FORMAT = dwarf;
				ENABLE_STRICT_OBJC_MSGSEND = YES;
				ENABLE_TESTABILITY = YES;
				GCC_C_LANGUAGE_STANDARD = gnu11;
				GCC_DYNAMIC_NO_PIC = NO;
				GCC_NO_COMMON_BLOCKS = YES;
				GCC_OPTIMIZATION_LEVEL = 0;
				GCC_PREPROCESSOR_DEFINITIONS = (
					"DEBUG=1",
					"$(inherited)",
				);
				GCC_WARN_64_TO_32_BIT_CONVERSION = YES;
				GCC_WARN_ABOUT_RETURN_TYPE = YES_ERROR;
				GCC_WARN_UNDECLARED_SELECTOR = YES;
				GCC_WARN_UNINITIALIZED_AUTOS = YES_AGGRESSIVE;
				GCC_WARN_UNUSED_FUNCTION = YES;
				GCC_WARN_UNUSED_VARIABLE = YES;
				MACOSX_DEPLOYMENT_TARGET = 10.12;
				MTL_ENABLE_DEBUG_INFO = YES;
				ONLY_ACTIVE_ARCH = YES;
				SDKROOT = macosx;
			};
			name = Debug;
		};
		15A4C67820587F450046BFF1 /* Release */ = {
			isa = XCBuildConfiguration;
			buildSettings = {
				ALWAYS_SEARCH_USER_PATHS = NO;
				CLANG_ANALYZER_NONNULL = YES;
				CLANG_ANALYZER_NUMBER_OBJECT_CONVERSION = YES_AGGRESSIVE;
				CLANG_CXX_LANGUAGE_STANDARD = "gnu++14";
				CLANG_CXX_LIBRARY = "libc++";
				CLANG_ENABLE_MODULES = YES;
				CLANG_ENABLE_OBJC_ARC = YES;
				CLANG_WARN_BLOCK_CAPTURE_AUTORELEASING = YES;
				CLANG_WARN_BOOL_CONVERSION = YES;
				CLANG_WARN_COMMA = YES;
				CLANG_WARN_CONSTANT_CONVERSION = YES;
				CLANG_WARN_DIRECT_OBJC_ISA_USAGE = YES_ERROR;
				CLANG_WARN_DOCUMENTATION_COMMENTS = YES;
				CLANG_WARN_EMPTY_BODY = YES;
				CLANG_WARN_ENUM_CONVERSION = YES;
				CLANG_WARN_INFINITE_RECURSION = YES;
				CLANG_WARN_INT_CONVERSION = YES;
				CLANG_WARN_NON_LITERAL_NULL_CONVERSION = YES;
				CLANG_WARN_OBJC_LITERAL_CONVERSION = YES;
				CLANG_WARN_OBJC_ROOT_CLASS = YES_ERROR;
				CLANG_WARN_RANGE_LOOP_ANALYSIS = YES;
				CLANG_WARN_STRICT_PROTOTYPES = YES;
				CLANG_WARN_SUSPICIOUS_MOVE = YES;
				CLANG_WARN_UNGUARDED_AVAILABILITY = YES_AGGRESSIVE;
				CLANG_WARN_UNREACHABLE_CODE = YES;
				CLANG_WARN__DUPLICATE_METHOD_MATCH = YES;
				CODE_SIGN_IDENTITY = "-";
				COPY_PHASE_STRIP = NO;
				DEBUG_INFORMATION_FORMAT = "dwarf-with-dsym";
				ENABLE_NS_ASSERTIONS = NO;
				ENABLE_STRICT_OBJC_MSGSEND = YES;
				GCC_C_LANGUAGE_STANDARD = gnu11;
				GCC_NO_COMMON_BLOCKS = YES;
				GCC_WARN_64_TO_32_BIT_CONVERSION = YES;
				GCC_WARN_ABOUT_RETURN_TYPE = YES_ERROR;
				GCC_WARN_UNDECLARED_SELECTOR = YES;
				GCC_WARN_UNINITIALIZED_AUTOS = YES_AGGRESSIVE;
				GCC_WARN_UNUSED_FUNCTION = YES;
				GCC_WARN_UNUSED_VARIABLE = YES;
				MACOSX_DEPLOYMENT_TARGET = 10.12;
				MTL_ENABLE_DEBUG_INFO = NO;
				SDKROOT = macosx;
			};
			name = Release;
		};
		15A4C67A20587F450046BFF1 /* Debug */ = {
			isa = XCBuildConfiguration;
			buildSettings = {
				CODE_SIGN_STYLE = Automatic;
				PRODUCT_NAME = "$(TARGET_NAME)";
			};
			name = Debug;
		};
		15A4C67B20587F450046BFF1 /* Release */ = {
			isa = XCBuildConfiguration;
			buildSettings = {
				CODE_SIGN_STYLE = Automatic;
				PRODUCT_NAME = "$(TARGET_NAME)";
			};
			name = Release;
		};
/* End XCBuildConfiguration section */

/* Begin XCConfigurationList section */
		15A4C66D20587F450046BFF1 /* Build configuration list for PBXProject "Cracked" */ = {
			isa = XCConfigurationList;
			buildConfigurations = (
				15A4C67720587F450046BFF1 /* Debug */,
				15A4C67820587F450046BFF1 /* Release */,
			);
			defaultConfigurationIsVisible = 0;
			defaultConfigurationName = Release;
		};
		15A4C67920587F450046BFF1 /* Build configuration list for PBXNativeTarget "Cracked" */ = {
			isa = XCConfigurationList;
			buildConfigurations = (
				15A4C67A20587F450046BFF1 /* Debug */,
				15A4C67B20587F450046BFF1 /* Release */,
			);
			defaultConfigurationIsVisible = 0;
			defaultConfigurationName = Release;
		};
/* End XCConfigurationList section */
	};
	rootObject = 15A4C66A20587F450046BFF1 /* Project object */;
}
